{
    "name": "astal-shell",
    "lockfileVersion": 3,
    "requires": true,
    "packages": {
        "": {
            "name": "astal-shell",
            "dependencies": {
                "astal": "/nix/store/amk1mi6nqmfr2vh1di5xab4y5l3ggcin-astal_gjs"
            }
        },
        "../../../../nix/store/amk1mi6nqmfr2vh1di5xab4y5l3ggcin-astal_gjs": {},
        "../../../../nix/store/amk1mi6nqmfr2vh1di5xab4y5l3ggcin-astal_gjs/share/astal/gjs": {
            "name": "astal",
            "extraneous": true,
            "license": "LGPL-2.1"
        },
        "../../../../nix/store/hd98qfcisszjr5prmb9dz0wd7fq74ffn-astal-gjs/share/astal/gjs": {
            "name": "astal",
            "extraneous": true,
            "license": "LGPL-2.1"
        },
        "node_modules/astal": {
            "resolved": "../../../../nix/store/amk1mi6nqmfr2vh1di5xab4y5l3ggcin-astal_gjs",
            "link": true
        }
    }
}
